
Microsoft Visual Studio Solution File, Format Version 12.00
# Visual Studio Version 17
VisualStudioVersion = 17.13.35931.197 d17.13
MinimumVisualStudioVersion = 10.0.40219.1
Project("{FAE04EC0-301F-11D3-BF4B-00C04F79EFBC}") = "FitLifeFront", "FitLifeFront\FitLifeFront.csproj", "{0EDF2746-3DDB-48DA-80E0-127827890CBC}"
EndProject
Global
	GlobalSection(SolutionConfigurationPlatforms) = preSolution
		Debug|Any CPU = Debug|Any CPU
		Release|Any CPU = Release|Any CPU
	EndGlobalSection
	GlobalSection(ProjectConfigurationPlatforms) = postSolution
		{0EDF2746-3DDB-48DA-80E0-127827890CBC}.Debug|Any CPU.ActiveCfg = Debug|Any CPU
		{0EDF2746-3DDB-48DA-80E0-127827890CBC}.Debug|Any CPU.Build.0 = Debug|Any CPU
		{0EDF2746-3DDB-48DA-80E0-127827890CBC}.Release|Any CPU.ActiveCfg = Release|Any CPU
		{0EDF2746-3DDB-48DA-80E0-127827890CBC}.Release|Any CPU.Build.0 = Release|Any CPU
	EndGlobalSection
	GlobalSection(SolutionProperties) = preSolution
		HideSolutionNode = FALSE
	EndGlobalSection
	GlobalSection(ExtensibilityGlobals) = postSolution
		SolutionGuid = {EF9851FA-E690-4C0D-A3F1-58F688DDD621}
	EndGlobalSection
EndGlobal
